// !$*UTF8*$!
{
	archiveVersion = 1;
	classes = {
	};
	objectVersion = 51;
	objects = {

/* Begin PBXBuildFile section */
		7807D479B4B58409A5ECC229 /* Pods_UnsplashFeed.framework in Frameworks */ = {isa = PBXBuildFile; fileRef = 6E9E7D3660FAF24A961B59C2 /* Pods_UnsplashFeed.framework */; };
		8E1825ED26EE301600A39B19 /* AppDelegate.swift in Sources */ = {isa = PBXBuildFile; fileRef = 8E1825EC26EE301600A39B19 /* AppDelegate.swift */; };
		8E1825EF26EE301600A39B19 /* SceneDelegate.swift in Sources */ = {isa = PBXBuildFile; fileRef = 8E1825EE26EE301600A39B19 /* SceneDelegate.swift */; };
		8E1825F726EE301600A39B19 /* UnsplashFeed.xcdatamodeld in Sources */ = {isa = PBXBuildFile; fileRef = 8E1825F526EE301600A39B19 /* UnsplashFeed.xcdatamodeld */; };
		8E1825F926EE302200A39B19 /* Assets.xcassets in Resources */ = {isa = PBXBuildFile; fileRef = 8E1825F826EE302200A39B19 /* Assets.xcassets */; };
		8E1825FC26EE302200A39B19 /* LaunchScreen.storyboard in Resources */ = {isa = PBXBuildFile; fileRef = 8E1825FA26EE302200A39B19 /* LaunchScreen.storyboard */; };
		8E18260726EE35F400A39B19 /* MainViewController.swift in Sources */ = {isa = PBXBuildFile; fileRef = 8E18260526EE35F400A39B19 /* MainViewController.swift */; };
		8E18260826EE35F400A39B19 /* MainViewController.xib in Resources */ = {isa = PBXBuildFile; fileRef = 8E18260626EE35F400A39B19 /* MainViewController.xib */; };
		8E18261926EE535A00A39B19 /* API.swift in Sources */ = {isa = PBXBuildFile; fileRef = 8E18261826EE535A00A39B19 /* API.swift */; };
		8E18261B26EE538000A39B19 /* NetworkService.swift in Sources */ = {isa = PBXBuildFile; fileRef = 8E18261A26EE538000A39B19 /* NetworkService.swift */; };
		8E18261E26EE61A300A39B19 /* ImageListModel.swift in Sources */ = {isa = PBXBuildFile; fileRef = 8E18261D26EE61A300A39B19 /* ImageListModel.swift */; };
		8E18262126EFC2EB00A39B19 /* Provider.swift in Sources */ = {isa = PBXBuildFile; fileRef = 8E18262026EFC2EB00A39B19 /* Provider.swift */; };
		8E18262326EFC2F900A39B19 /* TargetType.swift in Sources */ = {isa = PBXBuildFile; fileRef = 8E18262226EFC2F900A39B19 /* TargetType.swift */; };
		8E18262526EFC43800A39B19 /* Enums.swift in Sources */ = {isa = PBXBuildFile; fileRef = 8E18262426EFC43800A39B19 /* Enums.swift */; };
		8E18262726EFC48900A39B19 /* DataHandler.swift in Sources */ = {isa = PBXBuildFile; fileRef = 8E18262626EFC48900A39B19 /* DataHandler.swift */; };
		8E18262926EFC4AA00A39B19 /* UnsplashService.swift in Sources */ = {isa = PBXBuildFile; fileRef = 8E18262826EFC4AA00A39B19 /* UnsplashService.swift */; };
		8E18263226EFD2A900A39B19 /* ImageTableViewCell.swift in Sources */ = {isa = PBXBuildFile; fileRef = 8E18263026EFD2A900A39B19 /* ImageTableViewCell.swift */; };
		8E18263326EFD2A900A39B19 /* ImageTableViewCell.xib in Resources */ = {isa = PBXBuildFile; fileRef = 8E18263126EFD2A900A39B19 /* ImageTableViewCell.xib */; };
		8E18263726EFD84500A39B19 /* GlobalText.strings in Resources */ = {isa = PBXBuildFile; fileRef = 8E18263626EFD84500A39B19 /* GlobalText.strings */; };
		8E18263926EFD86F00A39B19 /* Extension.swift in Sources */ = {isa = PBXBuildFile; fileRef = 8E18263826EFD86F00A39B19 /* Extension.swift */; };
		8E18263B26EFD8F300A39B19 /* Strings.swift in Sources */ = {isa = PBXBuildFile; fileRef = 8E18263A26EFD8F300A39B19 /* Strings.swift */; };
		8E18263E26EFDB7D00A39B19 /* Env.swift in Sources */ = {isa = PBXBuildFile; fileRef = 8E18263D26EFDB7D00A39B19 /* Env.swift */; };
		8E18264026EFDF7600A39B19 /* UnsplashDatasource.swift in Sources */ = {isa = PBXBuildFile; fileRef = 8E18263F26EFDF7600A39B19 /* UnsplashDatasource.swift */; };
		8E18264226EFE3CF00A39B19 /* GalleryInteractor.swift in Sources */ = {isa = PBXBuildFile; fileRef = 8E18264126EFE3CF00A39B19 /* GalleryInteractor.swift */; };
		8E18264426EFE3D900A39B19 /* GalleryPresenter.swift in Sources */ = {isa = PBXBuildFile; fileRef = 8E18264326EFE3D900A39B19 /* GalleryPresenter.swift */; };
		8E18264626EFE3EE00A39B19 /* GalleryWorker.swift in Sources */ = {isa = PBXBuildFile; fileRef = 8E18264526EFE3EE00A39B19 /* GalleryWorker.swift */; };
		8E18264826EFE50900A39B19 /* GalleryViewModel.swift in Sources */ = {isa = PBXBuildFile; fileRef = 8E18264726EFE50900A39B19 /* GalleryViewModel.swift */; };
		8E30205026F12E3800AD9CAA /* LikeImageModel.swift in Sources */ = {isa = PBXBuildFile; fileRef = 8E30204F26F12E3800AD9CAA /* LikeImageModel.swift */; };
		8E30205226F12FE300AD9CAA /* Throttle.swift in Sources */ = {isa = PBXBuildFile; fileRef = 8E30205126F12FE300AD9CAA /* Throttle.swift */; };
		8E30205426F25D8200AD9CAA /* Request.swift in Sources */ = {isa = PBXBuildFile; fileRef = 8E30205326F25D8200AD9CAA /* Request.swift */; };
		8E30205826F2674B00AD9CAA /* SearchImageModel.swift in Sources */ = {isa = PBXBuildFile; fileRef = 8E30205726F2674B00AD9CAA /* SearchImageModel.swift */; };
		8E30205A26F27C2300AD9CAA /* ShareLoading.swift in Sources */ = {isa = PBXBuildFile; fileRef = 8E30205926F27C2300AD9CAA /* ShareLoading.swift */; };
/* End PBXBuildFile section */

/* Begin PBXFileReference section */
		47B9F4B7F67E0C8B7C4B3F18 /* Pods-UnsplashFeed.release.xcconfig */ = {isa = PBXFileReference; includeInIndex = 1; lastKnownFileType = text.xcconfig; name = "Pods-UnsplashFeed.release.xcconfig"; path = "Target Support Files/Pods-UnsplashFeed/Pods-UnsplashFeed.release.xcconfig"; sourceTree = "<group>"; };
		482FBECD2515F3E77BDCE62A /* Pods-UnsplashFeed.debug.xcconfig */ = {isa = PBXFileReference; includeInIndex = 1; lastKnownFileType = text.xcconfig; name = "Pods-UnsplashFeed.debug.xcconfig"; path = "Target Support Files/Pods-UnsplashFeed/Pods-UnsplashFeed.debug.xcconfig"; sourceTree = "<group>"; };
		6E9E7D3660FAF24A961B59C2 /* Pods_UnsplashFeed.framework */ = {isa = PBXFileReference; explicitFileType = wrapper.framework; includeInIndex = 0; path = Pods_UnsplashFeed.framework; sourceTree = BUILT_PRODUCTS_DIR; };
		8E1825E926EE301600A39B19 /* UnsplashFeed.app */ = {isa = PBXFileReference; explicitFileType = wrapper.application; includeInIndex = 0; path = UnsplashFeed.app; sourceTree = BUILT_PRODUCTS_DIR; };
		8E1825EC26EE301600A39B19 /* AppDelegate.swift */ = {isa = PBXFileReference; lastKnownFileType = sourcecode.swift; path = AppDelegate.swift; sourceTree = "<group>"; };
		8E1825EE26EE301600A39B19 /* SceneDelegate.swift */ = {isa = PBXFileReference; lastKnownFileType = sourcecode.swift; path = SceneDelegate.swift; sourceTree = "<group>"; };
		8E1825F626EE301600A39B19 /* UnsplashFeed.xcdatamodel */ = {isa = PBXFileReference; lastKnownFileType = wrapper.xcdatamodel; path = UnsplashFeed.xcdatamodel; sourceTree = "<group>"; };
		8E1825F826EE302200A39B19 /* Assets.xcassets */ = {isa = PBXFileReference; lastKnownFileType = folder.assetcatalog; path = Assets.xcassets; sourceTree = "<group>"; };
		8E1825FB26EE302200A39B19 /* Base */ = {isa = PBXFileReference; lastKnownFileType = file.storyboard; name = Base; path = Base.lproj/LaunchScreen.storyboard; sourceTree = "<group>"; };
		8E1825FD26EE302200A39B19 /* Info.plist */ = {isa = PBXFileReference; lastKnownFileType = text.plist.xml; path = Info.plist; sourceTree = "<group>"; };
		8E18260526EE35F400A39B19 /* MainViewController.swift */ = {isa = PBXFileReference; lastKnownFileType = sourcecode.swift; path = MainViewController.swift; sourceTree = "<group>"; };
		8E18260626EE35F400A39B19 /* MainViewController.xib */ = {isa = PBXFileReference; lastKnownFileType = file.xib; path = MainViewController.xib; sourceTree = "<group>"; };
		8E18261826EE535A00A39B19 /* API.swift */ = {isa = PBXFileReference; lastKnownFileType = sourcecode.swift; path = API.swift; sourceTree = "<group>"; };
		8E18261A26EE538000A39B19 /* NetworkService.swift */ = {isa = PBXFileReference; lastKnownFileType = sourcecode.swift; path = NetworkService.swift; sourceTree = "<group>"; };
		8E18261D26EE61A300A39B19 /* ImageListModel.swift */ = {isa = PBXFileReference; lastKnownFileType = sourcecode.swift; path = ImageListModel.swift; sourceTree = "<group>"; };
		8E18262026EFC2EB00A39B19 /* Provider.swift */ = {isa = PBXFileReference; lastKnownFileType = sourcecode.swift; path = Provider.swift; sourceTree = "<group>"; };
		8E18262226EFC2F900A39B19 /* TargetType.swift */ = {isa = PBXFileReference; lastKnownFileType = sourcecode.swift; path = TargetType.swift; sourceTree = "<group>"; };
		8E18262426EFC43800A39B19 /* Enums.swift */ = {isa = PBXFileReference; lastKnownFileType = sourcecode.swift; path = Enums.swift; sourceTree = "<group>"; };
		8E18262626EFC48900A39B19 /* DataHandler.swift */ = {isa = PBXFileReference; lastKnownFileType = sourcecode.swift; path = DataHandler.swift; sourceTree = "<group>"; };
		8E18262826EFC4AA00A39B19 /* UnsplashService.swift */ = {isa = PBXFileReference; lastKnownFileType = sourcecode.swift; path = UnsplashService.swift; sourceTree = "<group>"; };
		8E18263026EFD2A900A39B19 /* ImageTableViewCell.swift */ = {isa = PBXFileReference; lastKnownFileType = sourcecode.swift; path = ImageTableViewCell.swift; sourceTree = "<group>"; };
		8E18263126EFD2A900A39B19 /* ImageTableViewCell.xib */ = {isa = PBXFileReference; lastKnownFileType = file.xib; path = ImageTableViewCell.xib; sourceTree = "<group>"; };
		8E18263626EFD84500A39B19 /* GlobalText.strings */ = {isa = PBXFileReference; lastKnownFileType = text.plist.strings; path = GlobalText.strings; sourceTree = "<group>"; };
		8E18263826EFD86F00A39B19 /* Extension.swift */ = {isa = PBXFileReference; lastKnownFileType = sourcecode.swift; path = Extension.swift; sourceTree = "<group>"; };
		8E18263A26EFD8F300A39B19 /* Strings.swift */ = {isa = PBXFileReference; lastKnownFileType = sourcecode.swift; path = Strings.swift; sourceTree = "<group>"; };
		8E18263C26EFDAAA00A39B19 /* Config.xcconfig */ = {isa = PBXFileReference; lastKnownFileType = text.xcconfig; path = Config.xcconfig; sourceTree = "<group>"; };
		8E18263D26EFDB7D00A39B19 /* Env.swift */ = {isa = PBXFileReference; lastKnownFileType = sourcecode.swift; path = Env.swift; sourceTree = "<group>"; };
		8E18263F26EFDF7600A39B19 /* UnsplashDatasource.swift */ = {isa = PBXFileReference; lastKnownFileType = sourcecode.swift; path = UnsplashDatasource.swift; sourceTree = "<group>"; };
		8E18264126EFE3CF00A39B19 /* GalleryInteractor.swift */ = {isa = PBXFileReference; lastKnownFileType = sourcecode.swift; path = GalleryInteractor.swift; sourceTree = "<group>"; };
		8E18264326EFE3D900A39B19 /* GalleryPresenter.swift */ = {isa = PBXFileReference; lastKnownFileType = sourcecode.swift; path = GalleryPresenter.swift; sourceTree = "<group>"; };
		8E18264526EFE3EE00A39B19 /* GalleryWorker.swift */ = {isa = PBXFileReference; lastKnownFileType = sourcecode.swift; path = GalleryWorker.swift; sourceTree = "<group>"; };
		8E18264726EFE50900A39B19 /* GalleryViewModel.swift */ = {isa = PBXFileReference; lastKnownFileType = sourcecode.swift; path = GalleryViewModel.swift; sourceTree = "<group>"; };
		8E30204F26F12E3800AD9CAA /* LikeImageModel.swift */ = {isa = PBXFileReference; lastKnownFileType = sourcecode.swift; path = LikeImageModel.swift; sourceTree = "<group>"; };
		8E30205126F12FE300AD9CAA /* Throttle.swift */ = {isa = PBXFileReference; lastKnownFileType = sourcecode.swift; path = Throttle.swift; sourceTree = "<group>"; };
		8E30205326F25D8200AD9CAA /* Request.swift */ = {isa = PBXFileReference; lastKnownFileType = sourcecode.swift; path = Request.swift; sourceTree = "<group>"; };
		8E30205726F2674B00AD9CAA /* SearchImageModel.swift */ = {isa = PBXFileReference; lastKnownFileType = sourcecode.swift; path = SearchImageModel.swift; sourceTree = "<group>"; };
		8E30205926F27C2300AD9CAA /* ShareLoading.swift */ = {isa = PBXFileReference; lastKnownFileType = sourcecode.swift; path = ShareLoading.swift; sourceTree = "<group>"; };
/* End PBXFileReference section */

/* Begin PBXFrameworksBuildPhase section */
		8E1825E626EE301600A39B19 /* Frameworks */ = {
			isa = PBXFrameworksBuildPhase;
			buildActionMask = 2147483647;
			files = (
				7807D479B4B58409A5ECC229 /* Pods_UnsplashFeed.framework in Frameworks */,
			);
			runOnlyForDeploymentPostprocessing = 0;
		};
/* End PBXFrameworksBuildPhase section */

/* Begin PBXGroup section */
		29AD590005DA89ABA84E5AFD /* Pods */ = {
			isa = PBXGroup;
			children = (
				482FBECD2515F3E77BDCE62A /* Pods-UnsplashFeed.debug.xcconfig */,
				47B9F4B7F67E0C8B7C4B3F18 /* Pods-UnsplashFeed.release.xcconfig */,
			);
			path = Pods;
			sourceTree = "<group>";
		};
		5EC441594C0F22A5A35F6639 /* Frameworks */ = {
			isa = PBXGroup;
			children = (
				6E9E7D3660FAF24A961B59C2 /* Pods_UnsplashFeed.framework */,
			);
			name = Frameworks;
			sourceTree = "<group>";
		};
		8E1825E026EE301600A39B19 = {
			isa = PBXGroup;
			children = (
				8E1825EB26EE301600A39B19 /* UnsplashFeed */,
				8E1825EA26EE301600A39B19 /* Products */,
				29AD590005DA89ABA84E5AFD /* Pods */,
				5EC441594C0F22A5A35F6639 /* Frameworks */,
			);
			sourceTree = "<group>";
		};
		8E1825EA26EE301600A39B19 /* Products */ = {
			isa = PBXGroup;
			children = (
				8E1825E926EE301600A39B19 /* UnsplashFeed.app */,
			);
			name = Products;
			sourceTree = "<group>";
		};
		8E1825EB26EE301600A39B19 /* UnsplashFeed */ = {
			isa = PBXGroup;
			children = (
				8E18263526EFD81300A39B19 /* Source */,
				8E18263426EFD80500A39B19 /* Resources */,
				8E1825EC26EE301600A39B19 /* AppDelegate.swift */,
				8E1825EE26EE301600A39B19 /* SceneDelegate.swift */,
				8E1825F826EE302200A39B19 /* Assets.xcassets */,
				8E1825FA26EE302200A39B19 /* LaunchScreen.storyboard */,
				8E1825FD26EE302200A39B19 /* Info.plist */,
				8E1825F526EE301600A39B19 /* UnsplashFeed.xcdatamodeld */,
			);
			path = UnsplashFeed;
			sourceTree = "<group>";
		};
		8E18260326EE349A00A39B19 /* Scences */ = {
			isa = PBXGroup;
			children = (
				8E18260426EE35DB00A39B19 /* MainView */,
			);
			path = Scences;
			sourceTree = "<group>";
		};
		8E18260426EE35DB00A39B19 /* MainView */ = {
			isa = PBXGroup;
			children = (
				8E18262D26EFD27B00A39B19 /* Cell */,
				8E18260526EE35F400A39B19 /* MainViewController.swift */,
				8E18260626EE35F400A39B19 /* MainViewController.xib */,
				8E18263F26EFDF7600A39B19 /* UnsplashDatasource.swift */,
				8E18264126EFE3CF00A39B19 /* GalleryInteractor.swift */,
				8E18264326EFE3D900A39B19 /* GalleryPresenter.swift */,
				8E18264526EFE3EE00A39B19 /* GalleryWorker.swift */,
				8E18264726EFE50900A39B19 /* GalleryViewModel.swift */,
			);
			path = MainView;
			sourceTree = "<group>";
		};
		8E18260926EE365000A39B19 /* Helpers */ = {
			isa = PBXGroup;
			children = (
				8E18261726EE52F200A39B19 /* Networking */,
				8E18263826EFD86F00A39B19 /* Extension.swift */,
				8E18263A26EFD8F300A39B19 /* Strings.swift */,
				8E30205126F12FE300AD9CAA /* Throttle.swift */,
				8E30205926F27C2300AD9CAA /* ShareLoading.swift */,
			);
			path = Helpers;
			sourceTree = "<group>";
		};
		8E18261726EE52F200A39B19 /* Networking */ = {
			isa = PBXGroup;
			children = (
				8E18261F26EFC2CB00A39B19 /* Provider */,
				8E18261826EE535A00A39B19 /* API.swift */,
				8E18261A26EE538000A39B19 /* NetworkService.swift */,
				8E18262626EFC48900A39B19 /* DataHandler.swift */,
				8E18262826EFC4AA00A39B19 /* UnsplashService.swift */,
			);
			path = Networking;
			sourceTree = "<group>";
		};
		8E18261C26EE619300A39B19 /* Models */ = {
			isa = PBXGroup;
			children = (
				8E18261D26EE61A300A39B19 /* ImageListModel.swift */,
				8E30204F26F12E3800AD9CAA /* LikeImageModel.swift */,
				8E30205326F25D8200AD9CAA /* Request.swift */,
				8E30205726F2674B00AD9CAA /* SearchImageModel.swift */,
			);
			path = Models;
			sourceTree = "<group>";
		};
		8E18261F26EFC2CB00A39B19 /* Provider */ = {
			isa = PBXGroup;
			children = (
				8E18262026EFC2EB00A39B19 /* Provider.swift */,
				8E18262226EFC2F900A39B19 /* TargetType.swift */,
				8E18262426EFC43800A39B19 /* Enums.swift */,
			);
			path = Provider;
			sourceTree = "<group>";
		};
		8E18262D26EFD27B00A39B19 /* Cell */ = {
			isa = PBXGroup;
			children = (
				8E18263026EFD2A900A39B19 /* ImageTableViewCell.swift */,
				8E18263126EFD2A900A39B19 /* ImageTableViewCell.xib */,
			);
			path = Cell;
			sourceTree = "<group>";
		};
		8E18263426EFD80500A39B19 /* Resources */ = {
			isa = PBXGroup;
			children = (
				8E18263626EFD84500A39B19 /* GlobalText.strings */,
				8E18263C26EFDAAA00A39B19 /* Config.xcconfig */,
			);
			path = Resources;
			sourceTree = "<group>";
		};
		8E18263526EFD81300A39B19 /* Source */ = {
			isa = PBXGroup;
			children = (
				8E18261C26EE619300A39B19 /* Models */,
				8E18260926EE365000A39B19 /* Helpers */,
				8E18260326EE349A00A39B19 /* Scences */,
				8E18263D26EFDB7D00A39B19 /* Env.swift */,
			);
			path = Source;
			sourceTree = "<group>";
		};
/* End PBXGroup section */

/* Begin PBXNativeTarget section */
		8E1825E826EE301600A39B19 /* UnsplashFeed */ = {
			isa = PBXNativeTarget;
			buildConfigurationList = 8E18260026EE302200A39B19 /* Build configuration list for PBXNativeTarget "UnsplashFeed" */;
			buildPhases = (
				3ACC0CDB75F8B4F595FE5B53 /* [CP] Check Pods Manifest.lock */,
				8E1825E526EE301600A39B19 /* Sources */,
				8E1825E626EE301600A39B19 /* Frameworks */,
				8E1825E726EE301600A39B19 /* Resources */,
				E82966E6B4F4E78EEB211BA6 /* [CP] Embed Pods Frameworks */,
			);
			buildRules = (
			);
			dependencies = (
			);
			name = UnsplashFeed;
			productName = UnsplashFeed;
			productReference = 8E1825E926EE301600A39B19 /* UnsplashFeed.app */;
			productType = "com.apple.product-type.application";
		};
/* End PBXNativeTarget section */

/* Begin PBXProject section */
		8E1825E126EE301600A39B19 /* Project object */ = {
			isa = PBXProject;
			attributes = {
				LastSwiftUpdateCheck = 1250;
				LastUpgradeCheck = 1250;
				TargetAttributes = {
					8E1825E826EE301600A39B19 = {
						CreatedOnToolsVersion = 12.5;
					};
				};
			};
			buildConfigurationList = 8E1825E426EE301600A39B19 /* Build configuration list for PBXProject "UnsplashFeed" */;
			compatibilityVersion = "Xcode 9.3";
			developmentRegion = en;
			hasScannedForEncodings = 0;
			knownRegions = (
				en,
				Base,
			);
			mainGroup = 8E1825E026EE301600A39B19;
			productRefGroup = 8E1825EA26EE301600A39B19 /* Products */;
			projectDirPath = "";
			projectRoot = "";
			targets = (
				8E1825E826EE301600A39B19 /* UnsplashFeed */,
			);
		};
/* End PBXProject section */

/* Begin PBXResourcesBuildPhase section */
		8E1825E726EE301600A39B19 /* Resources */ = {
			isa = PBXResourcesBuildPhase;
			buildActionMask = 2147483647;
			files = (
				8E1825FC26EE302200A39B19 /* LaunchScreen.storyboard in Resources */,
				8E18263326EFD2A900A39B19 /* ImageTableViewCell.xib in Resources */,
				8E18260826EE35F400A39B19 /* MainViewController.xib in Resources */,
				8E1825F926EE302200A39B19 /* Assets.xcassets in Resources */,
				8E18263726EFD84500A39B19 /* GlobalText.strings in Resources */,
			);
			runOnlyForDeploymentPostprocessing = 0;
		};
/* End PBXResourcesBuildPhase section */

/* Begin PBXShellScriptBuildPhase section */
		3ACC0CDB75F8B4F595FE5B53 /* [CP] Check Pods Manifest.lock */ = {
			isa = PBXShellScriptBuildPhase;
			buildActionMask = 2147483647;
			files = (
			);
			inputFileListPaths = (
			);
			inputPaths = (
				"${PODS_PODFILE_DIR_PATH}/Podfile.lock",
				"${PODS_ROOT}/Manifest.lock",
			);
			name = "[CP] Check Pods Manifest.lock";
			outputFileListPaths = (
			);
			outputPaths = (
				"$(DERIVED_FILE_DIR)/Pods-UnsplashFeed-checkManifestLockResult.txt",
			);
			runOnlyForDeploymentPostprocessing = 0;
			shellPath = /bin/sh;
			shellScript = "diff \"${PODS_PODFILE_DIR_PATH}/Podfile.lock\" \"${PODS_ROOT}/Manifest.lock\" > /dev/null\nif [ $? != 0 ] ; then\n    # print error to STDERR\n    echo \"error: The sandbox is not in sync with the Podfile.lock. Run 'pod install' or update your CocoaPods installation.\" >&2\n    exit 1\nfi\n# This output is used by Xcode 'outputs' to avoid re-running this script phase.\necho \"SUCCESS\" > \"${SCRIPT_OUTPUT_FILE_0}\"\n";
			showEnvVarsInLog = 0;
		};
		E82966E6B4F4E78EEB211BA6 /* [CP] Embed Pods Frameworks */ = {
			isa = PBXShellScriptBuildPhase;
			buildActionMask = 2147483647;
			files = (
			);
			inputFileListPaths = (
				"${PODS_ROOT}/Target Support Files/Pods-UnsplashFeed/Pods-UnsplashFeed-frameworks-${CONFIGURATION}-input-files.xcfilelist",
			);
			name = "[CP] Embed Pods Frameworks";
			outputFileListPaths = (
				"${PODS_ROOT}/Target Support Files/Pods-UnsplashFeed/Pods-UnsplashFeed-frameworks-${CONFIGURATION}-output-files.xcfilelist",
			);
			runOnlyForDeploymentPostprocessing = 0;
			shellPath = /bin/sh;
			shellScript = "\"${PODS_ROOT}/Target Support Files/Pods-UnsplashFeed/Pods-UnsplashFeed-frameworks.sh\"\n";
			showEnvVarsInLog = 0;
		};
/* End PBXShellScriptBuildPhase section */

/* Begin PBXSourcesBuildPhase section */
		8E1825E526EE301600A39B19 /* Sources */ = {
			isa = PBXSourcesBuildPhase;
			buildActionMask = 2147483647;
			files = (
				8E30205A26F27C2300AD9CAA /* ShareLoading.swift in Sources */,
				8E30205426F25D8200AD9CAA /* Request.swift in Sources */,
				8E30205026F12E3800AD9CAA /* LikeImageModel.swift in Sources */,
				8E18263926EFD86F00A39B19 /* Extension.swift in Sources */,
				8E30205826F2674B00AD9CAA /* SearchImageModel.swift in Sources */,
				8E18264426EFE3D900A39B19 /* GalleryPresenter.swift in Sources */,
				8E18262326EFC2F900A39B19 /* TargetType.swift in Sources */,
				8E18263E26EFDB7D00A39B19 /* Env.swift in Sources */,
				8E18264626EFE3EE00A39B19 /* GalleryWorker.swift in Sources */,
				8E18264026EFDF7600A39B19 /* UnsplashDatasource.swift in Sources */,
				8E18264826EFE50900A39B19 /* GalleryViewModel.swift in Sources */,
				8E30205226F12FE300AD9CAA /* Throttle.swift in Sources */,
				8E1825ED26EE301600A39B19 /* AppDelegate.swift in Sources */,
				8E1825EF26EE301600A39B19 /* SceneDelegate.swift in Sources */,
				8E18261B26EE538000A39B19 /* NetworkService.swift in Sources */,
				8E18261E26EE61A300A39B19 /* ImageListModel.swift in Sources */,
				8E18262526EFC43800A39B19 /* Enums.swift in Sources */,
				8E18262726EFC48900A39B19 /* DataHandler.swift in Sources */,
				8E1825F726EE301600A39B19 /* UnsplashFeed.xcdatamodeld in Sources */,
				8E18262126EFC2EB00A39B19 /* Provider.swift in Sources */,
				8E18260726EE35F400A39B19 /* MainViewController.swift in Sources */,
				8E18263B26EFD8F300A39B19 /* Strings.swift in Sources */,
				8E18261926EE535A00A39B19 /* API.swift in Sources */,
				8E18264226EFE3CF00A39B19 /* GalleryInteractor.swift in Sources */,
				8E18263226EFD2A900A39B19 /* ImageTableViewCell.swift in Sources */,
				8E18262926EFC4AA00A39B19 /* UnsplashService.swift in Sources */,
			);
			runOnlyForDeploymentPostprocessing = 0;
		};
/* End PBXSourcesBuildPhase section */

/* Begin PBXVariantGroup section */
		8E1825FA26EE302200A39B19 /* LaunchScreen.storyboard */ = {
			isa = PBXVariantGroup;
			children = (
				8E1825FB26EE302200A39B19 /* Base */,
			);
			name = LaunchScreen.storyboard;
			sourceTree = "<group>";
		};
/* End PBXVariantGroup section */

/* Begin XCBuildConfiguration section */
		8E1825FE26EE302200A39B19 /* Debug */ = {
			isa = XCBuildConfiguration;
			baseConfigurationReference = 8E18263C26EFDAAA00A39B19 /* Config.xcconfig */;
			buildSettings = {
				ALWAYS_SEARCH_USER_PATHS = NO;
				CLANG_ANALYZER_NONNULL = YES;
				CLANG_ANALYZER_NUMBER_OBJECT_CONVERSION = YES_AGGRESSIVE;
				CLANG_CXX_LANGUAGE_STANDARD = "gnu++14";
				CLANG_CXX_LIBRARY = "libc++";
				CLANG_ENABLE_MODULES = YES;
				CLANG_ENABLE_OBJC_ARC = YES;
				CLANG_ENABLE_OBJC_WEAK = YES;
				CLANG_WARN_BLOCK_CAPTURE_AUTORELEASING = YES;
				CLANG_WARN_BOOL_CONVERSION = YES;
				CLANG_WARN_COMMA = YES;
				CLANG_WARN_CONSTANT_CONVERSION = YES;
				CLANG_WARN_DEPRECATED_OBJC_IMPLEMENTATIONS = YES;
				CLANG_WARN_DIRECT_OBJC_ISA_USAGE = YES_ERROR;
				CLANG_WARN_DOCUMENTATION_COMMENTS = YES;
				CLANG_WARN_EMPTY_BODY = YES;
				CLANG_WARN_ENUM_CONVERSION = YES;
				CLANG_WARN_INFINITE_RECURSION = YES;
				CLANG_WARN_INT_CONVERSION = YES;
				CLANG_WARN_NON_LITERAL_NULL_CONVERSION = YES;
				CLANG_WARN_OBJC_IMPLICIT_RETAIN_SELF = YES;
				CLANG_WARN_OBJC_LITERAL_CONVERSION = YES;
				CLANG_WARN_OBJC_ROOT_CLASS = YES_ERROR;
				CLANG_WARN_QUOTED_INCLUDE_IN_FRAMEWORK_HEADER = YES;
				CLANG_WARN_RANGE_LOOP_ANALYSIS = YES;
				CLANG_WARN_STRICT_PROTOTYPES = YES;
				CLANG_WARN_SUSPICIOUS_MOVE = YES;
				CLANG_WARN_UNGUARDED_AVAILABILITY = YES_AGGRESSIVE;
				CLANG_WARN_UNREACHABLE_CODE = YES;
				CLANG_WARN__DUPLICATE_METHOD_MATCH = YES;
				COPY_PHASE_STRIP = NO;
				DEBUG_INFORMATION_FORMAT = dwarf;
				ENABLE_STRICT_OBJC_MSGSEND = YES;
				ENABLE_TESTABILITY = YES;
				GCC_C_LANGUAGE_STANDARD = gnu11;
				GCC_DYNAMIC_NO_PIC = NO;
				GCC_NO_COMMON_BLOCKS = YES;
				GCC_OPTIMIZATION_LEVEL = 0;
				GCC_PREPROCESSOR_DEFINITIONS = (
					"DEBUG=1",
					"$(inherited)",
				);
				GCC_WARN_64_TO_32_BIT_CONVERSION = YES;
				GCC_WARN_ABOUT_RETURN_TYPE = YES_ERROR;
				GCC_WARN_UNDECLARED_SELECTOR = YES;
				GCC_WARN_UNINITIALIZED_AUTOS = YES_AGGRESSIVE;
				GCC_WARN_UNUSED_FUNCTION = YES;
				GCC_WARN_UNUSED_VARIABLE = YES;
				IPHONEOS_DEPLOYMENT_TARGET = 11.0;
				MTL_ENABLE_DEBUG_INFO = INCLUDE_SOURCE;
				MTL_FAST_MATH = YES;
				ONLY_ACTIVE_ARCH = YES;
				SDKROOT = iphoneos;
				SWIFT_ACTIVE_COMPILATION_CONDITIONS = DEBUG;
				SWIFT_OPTIMIZATION_LEVEL = "-Onone";
			};
			name = Debug;
		};
		8E1825FF26EE302200A39B19 /* Release */ = {
			isa = XCBuildConfiguration;
			baseConfigurationReference = 8E18263C26EFDAAA00A39B19 /* Config.xcconfig */;
			buildSettings = {
				ALWAYS_SEARCH_USER_PATHS = NO;
				CLANG_ANALYZER_NONNULL = YES;
				CLANG_ANALYZER_NUMBER_OBJECT_CONVERSION = YES_AGGRESSIVE;
				CLANG_CXX_LANGUAGE_STANDARD = "gnu++14";
				CLANG_CXX_LIBRARY = "libc++";
				CLANG_ENABLE_MODULES = YES;
				CLANG_ENABLE_OBJC_ARC = YES;
				CLANG_ENABLE_OBJC_WEAK = YES;
				CLANG_WARN_BLOCK_CAPTURE_AUTORELEASING = YES;
				CLANG_WARN_BOOL_CONVERSION = YES;
				CLANG_WARN_COMMA = YES;
				CLANG_WARN_CONSTANT_CONVERSION = YES;
				CLANG_WARN_DEPRECATED_OBJC_IMPLEMENTATIONS = YES;
				CLANG_WARN_DIRECT_OBJC_ISA_USAGE = YES_ERROR;
				CLANG_WARN_DOCUMENTATION_COMMENTS = YES;
				CLANG_WARN_EMPTY_BODY = YES;
				CLANG_WARN_ENUM_CONVERSION = YES;
				CLANG_WARN_INFINITE_RECURSION = YES;
				CLANG_WARN_INT_CONVERSION = YES;
				CLANG_WARN_NON_LITERAL_NULL_CONVERSION = YES;
				CLANG_WARN_OBJC_IMPLICIT_RETAIN_SELF = YES;
				CLANG_WARN_OBJC_LITERAL_CONVERSION = YES;
				CLANG_WARN_OBJC_ROOT_CLASS = YES_ERROR;
				CLANG_WARN_QUOTED_INCLUDE_IN_FRAMEWORK_HEADER = YES;
				CLANG_WARN_RANGE_LOOP_ANALYSIS = YES;
				CLANG_WARN_STRICT_PROTOTYPES = YES;
				CLANG_WARN_SUSPICIOUS_MOVE = YES;
				CLANG_WARN_UNGUARDED_AVAILABILITY = YES_AGGRESSIVE;
				CLANG_WARN_UNREACHABLE_CODE = YES;
				CLANG_WARN__DUPLICATE_METHOD_MATCH = YES;
				COPY_PHASE_STRIP = NO;
				DEBUG_INFORMATION_FORMAT = "dwarf-with-dsym";
				ENABLE_NS_ASSERTIONS = NO;
				ENABLE_STRICT_OBJC_MSGSEND = YES;
				GCC_C_LANGUAGE_STANDARD = gnu11;
				GCC_NO_COMMON_BLOCKS = YES;
				GCC_WARN_64_TO_32_BIT_CONVERSION = YES;
				GCC_WARN_ABOUT_RETURN_TYPE = YES_ERROR;
				GCC_WARN_UNDECLARED_SELECTOR = YES;
				GCC_WARN_UNINITIALIZED_AUTOS = YES_AGGRESSIVE;
				GCC_WARN_UNUSED_FUNCTION = YES;
				GCC_WARN_UNUSED_VARIABLE = YES;
				IPHONEOS_DEPLOYMENT_TARGET = 11.0;
				MTL_ENABLE_DEBUG_INFO = NO;
				MTL_FAST_MATH = YES;
				SDKROOT = iphoneos;
				SWIFT_COMPILATION_MODE = wholemodule;
				SWIFT_OPTIMIZATION_LEVEL = "-O";
				VALIDATE_PRODUCT = YES;
			};
			name = Release;
		};
		8E18260126EE302200A39B19 /* Debug */ = {
			isa = XCBuildConfiguration;
			baseConfigurationReference = 482FBECD2515F3E77BDCE62A /* Pods-UnsplashFeed.debug.xcconfig */;
			buildSettings = {
				ASSETCATALOG_COMPILER_APPICON_NAME = AppIcon;
				ASSETCATALOG_COMPILER_GLOBAL_ACCENT_COLOR_NAME = AccentColor;
				CODE_SIGN_STYLE = Automatic;
				DEVELOPMENT_TEAM = F2BVVCEN5S;
				INFOPLIST_FILE = UnsplashFeed/Info.plist;
				LD_RUNPATH_SEARCH_PATHS = (
					"$(inherited)",
					"@executable_path/Frameworks",
				);
				PRODUCT_BUNDLE_IDENTIFIER = com.annguyen.unsplashfeed.UnsplashFeed;
				PRODUCT_NAME = "$(TARGET_NAME)";
				SWIFT_VERSION = 5.0;
				TARGETED_DEVICE_FAMILY = "1,2";
			};
			name = Debug;
		};
		8E18260226EE302200A39B19 /* Release */ = {
			isa = XCBuildConfiguration;
			baseConfigurationReference = 47B9F4B7F67E0C8B7C4B3F18 /* Pods-UnsplashFeed.release.xcconfig */;
			buildSettings = {
				ASSETCATALOG_COMPILER_APPICON_NAME = AppIcon;
				ASSETCATALOG_COMPILER_GLOBAL_ACCENT_COLOR_NAME = AccentColor;
				CODE_SIGN_STYLE = Automatic;
				DEVELOPMENT_TEAM = F2BVVCEN5S;
				INFOPLIST_FILE = UnsplashFeed/Info.plist;
				LD_RUNPATH_SEARCH_PATHS = (
					"$(inherited)",
					"@executable_path/Frameworks",
				);
				PRODUCT_BUNDLE_IDENTIFIER = com.annguyen.unsplashfeed.UnsplashFeed;
				PRODUCT_NAME = "$(TARGET_NAME)";
				SWIFT_VERSION = 5.0;
				TARGETED_DEVICE_FAMILY = "1,2";
			};
			name = Release;
		};
/* End XCBuildConfiguration section */

/* Begin XCConfigurationList section */
		8E1825E426EE301600A39B19 /* Build configuration list for PBXProject "UnsplashFeed" */ = {
			isa = XCConfigurationList;
			buildConfigurations = (
				8E1825FE26EE302200A39B19 /* Debug */,
				8E1825FF26EE302200A39B19 /* Release */,
			);
			defaultConfigurationIsVisible = 0;
			defaultConfigurationName = Release;
		};
		8E18260026EE302200A39B19 /* Build configuration list for PBXNativeTarget "UnsplashFeed" */ = {
			isa = XCConfigurationList;
			buildConfigurations = (
				8E18260126EE302200A39B19 /* Debug */,
				8E18260226EE302200A39B19 /* Release */,
			);
			defaultConfigurationIsVisible = 0;
			defaultConfigurationName = Release;
		};
/* End XCConfigurationList section */

/* Begin XCVersionGroup section */
		8E1825F526EE301600A39B19 /* UnsplashFeed.xcdatamodeld */ = {
			isa = XCVersionGroup;
			children = (
				8E1825F626EE301600A39B19 /* UnsplashFeed.xcdatamodel */,
			);
			currentVersion = 8E1825F626EE301600A39B19 /* UnsplashFeed.xcdatamodel */;
			path = UnsplashFeed.xcdatamodeld;
			sourceTree = "<group>";
			versionGroupType = wrapper.xcdatamodel;
		};
/* End XCVersionGroup section */
	};
	rootObject = 8E1825E126EE301600A39B19 /* Project object */;
}
